
Microsoft Visual Studio Solution File, Format Version 12.00
# Visual Studio 15
VisualStudioVersion = 15.0.28010.2036
MinimumVisualStudioVersion = 10.0.40219.1
Project("{FAE04EC0-301F-11D3-BF4B-00C04F79EFBC}") = "01_Generics", "01_Generics\01_Generics.csproj", "{A23BA3F7-DAF1-48D7-9B20-54E0D8B7B048}"
EndProject
Project("{FAE04EC0-301F-11D3-BF4B-00C04F79EFBC}") = "02_Generische_Methoden", "02_Generische_Methoden\02_Generische_Methoden.csproj", "{BF9AFECA-E6D0-4560-A786-6993C16648D3}"
EndProject
Project("{FAE04EC0-301F-11D3-BF4B-00C04F79EFBC}") = "03_Lagerverwaltung_Events", "03_Lagerverwaltung_Events\03_Lagerverwaltung_Events.csproj", "{6E99D3F2-D96C-4C97-9490-8B07AB323469}"
EndProject
Project("{2150E333-8FDC-42A3-9474-1A3956D46DE8}") = "SOLIDRechner", "SOLIDRechner", "{AEB5B5A5-C85C-4AC9-9130-614177FC7A36}"
EndProject
Project("{FAE04EC0-301F-11D3-BF4B-00C04F79EFBC}") = "RechnerConsole", "RechnerConsole\RechnerConsole.csproj", "{EF1F28C0-EF2E-42EC-A48F-0C54A7CEDB3F}"
EndProject
Project("{FAE04EC0-301F-11D3-BF4B-00C04F79EFBC}") = "RechnerBibliothek", "RechnerBibliothek\RechnerBibliothek.csproj", "{A4FD44D6-888A-43EE-AC15-F19AA4DB96B1}"
EndProject
Project("{FAE04EC0-301F-11D3-BF4B-00C04F79EFBC}") = "RechnerContracts", "RechnerContracts\RechnerContracts.csproj", "{016C800B-4532-4216-8BB4-E3020AB51B44}"
EndProject
Project("{2150E333-8FDC-42A3-9474-1A3956D46DE8}") = "GoogleBooksProjekte", "GoogleBooksProjekte", "{5ACDCD25-6FEE-407E-88F0-0FDE80BFEFBC}"
EndProject
Project("{FAE04EC0-301F-11D3-BF4B-00C04F79EFBC}") = "BuchInterfaces", "BuchInterfaces\BuchInterfaces.csproj", "{95132A5C-BA6D-4B38-A3A7-031F6A746862}"
EndProject
Project("{FAE04EC0-301F-11D3-BF4B-00C04F79EFBC}") = "GoogleBooksBibliotheken", "GoogleBooksBibliotheken\GoogleBooksBibliotheken.csproj", "{9416A063-855A-4091-8319-0849351B07CD}"
EndProject
Project("{FAE04EC0-301F-11D3-BF4B-00C04F79EFBC}") = "GoogleBooksClient", "GoogleBooksClient\GoogleBooksClient.csproj", "{3D57E648-F82B-4A2C-B9B3-D0A787881E2E}"
EndProject
Project("{FAE04EC0-301F-11D3-BF4B-00C04F79EFBC}") = "Neue_CSharp_Features", "Neue_CSharp_Features\Neue_CSharp_Features.csproj", "{7A594133-0E3F-4020-B600-4138D61012CB}"
EndProject
Project("{2150E333-8FDC-42A3-9474-1A3956D46DE8}") = "Multithreading", "Multithreading", "{5FD83B49-E34B-473D-9EE6-ACA4ABC175D4}"
EndProject
Project("{FAE04EC0-301F-11D3-BF4B-00C04F79EFBC}") = "ThreadsTasksAsyncAwait", "ThreadsTasksAsyncAwait\ThreadsTasksAsyncAwait.csproj", "{20A16852-DC93-41F4-BA60-31174E6B774E}"
EndProject
Project("{FAE04EC0-301F-11D3-BF4B-00C04F79EFBC}") = "EigenerTimer", "EigenerTimer\EigenerTimer.csproj", "{5C166F58-A4C8-47FF-AA6E-8A972F3376D3}"
EndProject
Project("{FAE04EC0-301F-11D3-BF4B-00C04F79EFBC}") = "WebseitenChecker", "WebseitenChecker\WebseitenChecker.csproj", "{7B8A1121-D5CA-4830-83FE-D40186D767B6}"
EndProject
Project("{2150E333-8FDC-42A3-9474-1A3956D46DE8}") = "SignalR", "SignalR", "{8DE176B5-2CD1-405C-9A29-FD34D1A8AABE}"
EndProject
Project("{FAE04EC0-301F-11D3-BF4B-00C04F79EFBC}") = "ChatClient", "ChatClient\ChatClient.csproj", "{35DFE96E-625A-45CA-AAD4-0E2477FC7424}"
EndProject
Project("{FAE04EC0-301F-11D3-BF4B-00C04F79EFBC}") = "ChatServer", "ChatServer\ChatServer.csproj", "{AE29E4AE-7B9E-4253-9A64-E600E474AD07}"
EndProject
Global
	GlobalSection(SolutionConfigurationPlatforms) = preSolution
		Debug|Any CPU = Debug|Any CPU
		Release|Any CPU = Release|Any CPU
	EndGlobalSection
	GlobalSection(ProjectConfigurationPlatforms) = postSolution
		{A23BA3F7-DAF1-48D7-9B20-54E0D8B7B048}.Debug|Any CPU.ActiveCfg = Debug|Any CPU
		{A23BA3F7-DAF1-48D7-9B20-54E0D8B7B048}.Debug|Any CPU.Build.0 = Debug|Any CPU
		{A23BA3F7-DAF1-48D7-9B20-54E0D8B7B048}.Release|Any CPU.ActiveCfg = Release|Any CPU
		{A23BA3F7-DAF1-48D7-9B20-54E0D8B7B048}.Release|Any CPU.Build.0 = Release|Any CPU
		{BF9AFECA-E6D0-4560-A786-6993C16648D3}.Debug|Any CPU.ActiveCfg = Debug|Any CPU
		{BF9AFECA-E6D0-4560-A786-6993C16648D3}.Debug|Any CPU.Build.0 = Debug|Any CPU
		{BF9AFECA-E6D0-4560-A786-6993C16648D3}.Release|Any CPU.ActiveCfg = Release|Any CPU
		{BF9AFECA-E6D0-4560-A786-6993C16648D3}.Release|Any CPU.Build.0 = Release|Any CPU
		{6E99D3F2-D96C-4C97-9490-8B07AB323469}.Debug|Any CPU.ActiveCfg = Debug|Any CPU
		{6E99D3F2-D96C-4C97-9490-8B07AB323469}.Debug|Any CPU.Build.0 = Debug|Any CPU
		{6E99D3F2-D96C-4C97-9490-8B07AB323469}.Release|Any CPU.ActiveCfg = Release|Any CPU
		{6E99D3F2-D96C-4C97-9490-8B07AB323469}.Release|Any CPU.Build.0 = Release|Any CPU
		{EF1F28C0-EF2E-42EC-A48F-0C54A7CEDB3F}.Debug|Any CPU.ActiveCfg = Debug|Any CPU
		{EF1F28C0-EF2E-42EC-A48F-0C54A7CEDB3F}.Debug|Any CPU.Build.0 = Debug|Any CPU
		{EF1F28C0-EF2E-42EC-A48F-0C54A7CEDB3F}.Release|Any CPU.ActiveCfg = Release|Any CPU
		{EF1F28C0-EF2E-42EC-A48F-0C54A7CEDB3F}.Release|Any CPU.Build.0 = Release|Any CPU
		{A4FD44D6-888A-43EE-AC15-F19AA4DB96B1}.Debug|Any CPU.ActiveCfg = Debug|Any CPU
		{A4FD44D6-888A-43EE-AC15-F19AA4DB96B1}.Debug|Any CPU.Build.0 = Debug|Any CPU
		{A4FD44D6-888A-43EE-AC15-F19AA4DB96B1}.Release|Any CPU.ActiveCfg = Release|Any CPU
		{A4FD44D6-888A-43EE-AC15-F19AA4DB96B1}.Release|Any CPU.Build.0 = Release|Any CPU
		{016C800B-4532-4216-8BB4-E3020AB51B44}.Debug|Any CPU.ActiveCfg = Debug|Any CPU
		{016C800B-4532-4216-8BB4-E3020AB51B44}.Debug|Any CPU.Build.0 = Debug|Any CPU
		{016C800B-4532-4216-8BB4-E3020AB51B44}.Release|Any CPU.ActiveCfg = Release|Any CPU
		{016C800B-4532-4216-8BB4-E3020AB51B44}.Release|Any CPU.Build.0 = Release|Any CPU
		{95132A5C-BA6D-4B38-A3A7-031F6A746862}.Debug|Any CPU.ActiveCfg = Debug|Any CPU
		{95132A5C-BA6D-4B38-A3A7-031F6A746862}.Debug|Any CPU.Build.0 = Debug|Any CPU
		{95132A5C-BA6D-4B38-A3A7-031F6A746862}.Release|Any CPU.ActiveCfg = Release|Any CPU
		{95132A5C-BA6D-4B38-A3A7-031F6A746862}.Release|Any CPU.Build.0 = Release|Any CPU
		{9416A063-855A-4091-8319-0849351B07CD}.Debug|Any CPU.ActiveCfg = Debug|Any CPU
		{9416A063-855A-4091-8319-0849351B07CD}.Debug|Any CPU.Build.0 = Debug|Any CPU
		{9416A063-855A-4091-8319-0849351B07CD}.Release|Any CPU.ActiveCfg = Release|Any CPU
		{9416A063-855A-4091-8319-0849351B07CD}.Release|Any CPU.Build.0 = Release|Any CPU
		{3D57E648-F82B-4A2C-B9B3-D0A787881E2E}.Debug|Any CPU.ActiveCfg = Debug|Any CPU
		{3D57E648-F82B-4A2C-B9B3-D0A787881E2E}.Debug|Any CPU.Build.0 = Debug|Any CPU
		{3D57E648-F82B-4A2C-B9B3-D0A787881E2E}.Release|Any CPU.ActiveCfg = Release|Any CPU
		{3D57E648-F82B-4A2C-B9B3-D0A787881E2E}.Release|Any CPU.Build.0 = Release|Any CPU
		{7A594133-0E3F-4020-B600-4138D61012CB}.Debug|Any CPU.ActiveCfg = Debug|Any CPU
		{7A594133-0E3F-4020-B600-4138D61012CB}.Debug|Any CPU.Build.0 = Debug|Any CPU
		{7A594133-0E3F-4020-B600-4138D61012CB}.Release|Any CPU.ActiveCfg = Release|Any CPU
		{7A594133-0E3F-4020-B600-4138D61012CB}.Release|Any CPU.Build.0 = Release|Any CPU
		{20A16852-DC93-41F4-BA60-31174E6B774E}.Debug|Any CPU.ActiveCfg = Debug|Any CPU
		{20A16852-DC93-41F4-BA60-31174E6B774E}.Debug|Any CPU.Build.0 = Debug|Any CPU
		{20A16852-DC93-41F4-BA60-31174E6B774E}.Release|Any CPU.ActiveCfg = Release|Any CPU
		{20A16852-DC93-41F4-BA60-31174E6B774E}.Release|Any CPU.Build.0 = Release|Any CPU
		{5C166F58-A4C8-47FF-AA6E-8A972F3376D3}.Debug|Any CPU.ActiveCfg = Debug|Any CPU
		{5C166F58-A4C8-47FF-AA6E-8A972F3376D3}.Debug|Any CPU.Build.0 = Debug|Any CPU
		{5C166F58-A4C8-47FF-AA6E-8A972F3376D3}.Release|Any CPU.ActiveCfg = Release|Any CPU
		{5C166F58-A4C8-47FF-AA6E-8A972F3376D3}.Release|Any CPU.Build.0 = Release|Any CPU
		{7B8A1121-D5CA-4830-83FE-D40186D767B6}.Debug|Any CPU.ActiveCfg = Debug|Any CPU
		{7B8A1121-D5CA-4830-83FE-D40186D767B6}.Debug|Any CPU.Build.0 = Debug|Any CPU
		{7B8A1121-D5CA-4830-83FE-D40186D767B6}.Release|Any CPU.ActiveCfg = Release|Any CPU
		{7B8A1121-D5CA-4830-83FE-D40186D767B6}.Release|Any CPU.Build.0 = Release|Any CPU
		{35DFE96E-625A-45CA-AAD4-0E2477FC7424}.Debug|Any CPU.ActiveCfg = Debug|Any CPU
		{35DFE96E-625A-45CA-AAD4-0E2477FC7424}.Debug|Any CPU.Build.0 = Debug|Any CPU
		{35DFE96E-625A-45CA-AAD4-0E2477FC7424}.Release|Any CPU.ActiveCfg = Release|Any CPU
		{35DFE96E-625A-45CA-AAD4-0E2477FC7424}.Release|Any CPU.Build.0 = Release|Any CPU
		{AE29E4AE-7B9E-4253-9A64-E600E474AD07}.Debug|Any CPU.ActiveCfg = Debug|Any CPU
		{AE29E4AE-7B9E-4253-9A64-E600E474AD07}.Debug|Any CPU.Build.0 = Debug|Any CPU
		{AE29E4AE-7B9E-4253-9A64-E600E474AD07}.Release|Any CPU.ActiveCfg = Release|Any CPU
		{AE29E4AE-7B9E-4253-9A64-E600E474AD07}.Release|Any CPU.Build.0 = Release|Any CPU
	EndGlobalSection
	GlobalSection(SolutionProperties) = preSolution
		HideSolutionNode = FALSE
	EndGlobalSection
	GlobalSection(NestedProjects) = preSolution
		{EF1F28C0-EF2E-42EC-A48F-0C54A7CEDB3F} = {AEB5B5A5-C85C-4AC9-9130-614177FC7A36}
		{A4FD44D6-888A-43EE-AC15-F19AA4DB96B1} = {AEB5B5A5-C85C-4AC9-9130-614177FC7A36}
		{016C800B-4532-4216-8BB4-E3020AB51B44} = {AEB5B5A5-C85C-4AC9-9130-614177FC7A36}
		{95132A5C-BA6D-4B38-A3A7-031F6A746862} = {5ACDCD25-6FEE-407E-88F0-0FDE80BFEFBC}
		{9416A063-855A-4091-8319-0849351B07CD} = {5ACDCD25-6FEE-407E-88F0-0FDE80BFEFBC}
		{3D57E648-F82B-4A2C-B9B3-D0A787881E2E} = {5ACDCD25-6FEE-407E-88F0-0FDE80BFEFBC}
		{20A16852-DC93-41F4-BA60-31174E6B774E} = {5FD83B49-E34B-473D-9EE6-ACA4ABC175D4}
		{5C166F58-A4C8-47FF-AA6E-8A972F3376D3} = {5FD83B49-E34B-473D-9EE6-ACA4ABC175D4}
		{7B8A1121-D5CA-4830-83FE-D40186D767B6} = {5FD83B49-E34B-473D-9EE6-ACA4ABC175D4}
		{35DFE96E-625A-45CA-AAD4-0E2477FC7424} = {8DE176B5-2CD1-405C-9A29-FD34D1A8AABE}
		{AE29E4AE-7B9E-4253-9A64-E600E474AD07} = {8DE176B5-2CD1-405C-9A29-FD34D1A8AABE}
	EndGlobalSection
	GlobalSection(ExtensibilityGlobals) = postSolution
		SolutionGuid = {33505926-6994-4D4C-BCFD-5B0D3A39713F}
	EndGlobalSection
EndGlobal
